// !$*UTF8*$!
{
	archiveVersion = 1;
	classes = {
	};
	objectVersion = 51;
	objects = {

/* Begin PBXBuildFile section */
		480AB925AAAC0E1AB7A4966B /* Pods_weather.framework in Frameworks */ = {isa = PBXBuildFile; fileRef = 0AFD984A9655817F470E701A /* Pods_weather.framework */; };
		5503E46724C4D3B3001E9401 /* ViewControllerProtocol.swift in Sources */ = {isa = PBXBuildFile; fileRef = 5503E46624C4D3B3001E9401 /* ViewControllerProtocol.swift */; };
		5503E46A24C4D46D001E9401 /* WeatherViewController.swift in Sources */ = {isa = PBXBuildFile; fileRef = 5503E46924C4D46D001E9401 /* WeatherViewController.swift */; };
		5503E46C24C4D995001E9401 /* CoordinatorProtocol.swift in Sources */ = {isa = PBXBuildFile; fileRef = 5503E46B24C4D995001E9401 /* CoordinatorProtocol.swift */; };
		5503E46F24C4D9BA001E9401 /* MainCoordinator.swift in Sources */ = {isa = PBXBuildFile; fileRef = 5503E46E24C4D9BA001E9401 /* MainCoordinator.swift */; };
		5549CBC124C13C0D000E37C4 /* LocationView.swift in Sources */ = {isa = PBXBuildFile; fileRef = 5549CBC024C13C0D000E37C4 /* LocationView.swift */; };
		5549CBC324C13C1B000E37C4 /* LocationViewController.swift in Sources */ = {isa = PBXBuildFile; fileRef = 5549CBC224C13C1B000E37C4 /* LocationViewController.swift */; };
		555C808724BFCCED00C42262 /* PexelsAPI.swift in Sources */ = {isa = PBXBuildFile; fileRef = 555C808624BFCCED00C42262 /* PexelsAPI.swift */; };
		555C808C24BFCE3900C42262 /* PexelsService.swift in Sources */ = {isa = PBXBuildFile; fileRef = 555C808B24BFCE3900C42262 /* PexelsService.swift */; };
		555C808E24BFCE4600C42262 /* PexelsPhoto.swift in Sources */ = {isa = PBXBuildFile; fileRef = 555C808D24BFCE4600C42262 /* PexelsPhoto.swift */; };
		555C809024BFCE9100C42262 /* PexelsPhotoSource.swift in Sources */ = {isa = PBXBuildFile; fileRef = 555C808F24BFCE9100C42262 /* PexelsPhotoSource.swift */; };
		555C809224BFD00F00C42262 /* PexelsAPIRequest.swift in Sources */ = {isa = PBXBuildFile; fileRef = 555C809124BFD00F00C42262 /* PexelsAPIRequest.swift */; };
		555C809424BFDB8200C42262 /* PexelsAPIResponse.swift in Sources */ = {isa = PBXBuildFile; fileRef = 555C809324BFDB8200C42262 /* PexelsAPIResponse.swift */; };
		555C809824C0021700C42262 /* MainViewController.swift in Sources */ = {isa = PBXBuildFile; fileRef = 555C809724C0021700C42262 /* MainViewController.swift */; };
		555C809A24C0022300C42262 /* MainView.swift in Sources */ = {isa = PBXBuildFile; fileRef = 555C809924C0022300C42262 /* MainView.swift */; };
		55BB39E224C3767200CE4F76 /* UIView.swift in Sources */ = {isa = PBXBuildFile; fileRef = 55BB39E124C3767200CE4F76 /* UIView.swift */; };
		55BB39E424C386AA00CE4F76 /* LocationModule.swift in Sources */ = {isa = PBXBuildFile; fileRef = 55BB39E324C386AA00CE4F76 /* LocationModule.swift */; };
		55C6296F24B92F17008A3FD9 /* AppDelegate.swift in Sources */ = {isa = PBXBuildFile; fileRef = 55C6296E24B92F17008A3FD9 /* AppDelegate.swift */; };
		55C6297124B92F17008A3FD9 /* SceneDelegate.swift in Sources */ = {isa = PBXBuildFile; fileRef = 55C6297024B92F17008A3FD9 /* SceneDelegate.swift */; };
		55C6297624B92F17008A3FD9 /* Main.storyboard in Resources */ = {isa = PBXBuildFile; fileRef = 55C6297424B92F17008A3FD9 /* Main.storyboard */; };
		55C6297824B92F1B008A3FD9 /* Assets.xcassets in Resources */ = {isa = PBXBuildFile; fileRef = 55C6297724B92F1B008A3FD9 /* Assets.xcassets */; };
		55C6297B24B92F1B008A3FD9 /* LaunchScreen.storyboard in Resources */ = {isa = PBXBuildFile; fileRef = 55C6297924B92F1B008A3FD9 /* LaunchScreen.storyboard */; };
		55C6298624B92F1B008A3FD9 /* weatherTests.swift in Sources */ = {isa = PBXBuildFile; fileRef = 55C6298524B92F1B008A3FD9 /* weatherTests.swift */; };
		55C6299824B939F3008A3FD9 /* OWeatherDescription.swift in Sources */ = {isa = PBXBuildFile; fileRef = 55C6299724B939F3008A3FD9 /* OWeatherDescription.swift */; };
		55C6299A24B93AD1008A3FD9 /* OWeather.swift in Sources */ = {isa = PBXBuildFile; fileRef = 55C6299924B93AD1008A3FD9 /* OWeather.swift */; };
		55C629A224B93C2E008A3FD9 /* OWeatherAPIResponse.swift in Sources */ = {isa = PBXBuildFile; fileRef = 55C629A124B93C2E008A3FD9 /* OWeatherAPIResponse.swift */; };
		55C629A724B9449F008A3FD9 /* OWeatherTemperature.swift in Sources */ = {isa = PBXBuildFile; fileRef = 55C629A624B9449F008A3FD9 /* OWeatherTemperature.swift */; };
		55C629AB24B94530008A3FD9 /* OWeatherAPI.swift in Sources */ = {isa = PBXBuildFile; fileRef = 55C629AA24B94530008A3FD9 /* OWeatherAPI.swift */; };
		55C629AD24B945D1008A3FD9 /* OWeatherAPIRequest.swift in Sources */ = {isa = PBXBuildFile; fileRef = 55C629AC24B945D1008A3FD9 /* OWeatherAPIRequest.swift */; };
		55C629B124B9478F008A3FD9 /* BaseService.swift in Sources */ = {isa = PBXBuildFile; fileRef = 55C629AF24B9478F008A3FD9 /* BaseService.swift */; };
		55C629B224B9478F008A3FD9 /* BaseServiceProtocol.swift in Sources */ = {isa = PBXBuildFile; fileRef = 55C629B024B9478F008A3FD9 /* BaseServiceProtocol.swift */; };
		55C629B424B947C3008A3FD9 /* WeatherError.swift in Sources */ = {isa = PBXBuildFile; fileRef = 55C629B324B947C3008A3FD9 /* WeatherError.swift */; };
		55C629B724B947FB008A3FD9 /* WeatherService.swift in Sources */ = {isa = PBXBuildFile; fileRef = 55C629B624B947FB008A3FD9 /* WeatherService.swift */; };
		55C629BB24B9490C008A3FD9 /* Encodable.swift in Sources */ = {isa = PBXBuildFile; fileRef = 55C629BA24B9490C008A3FD9 /* Encodable.swift */; };
		55D25D0224C22152009E0AEB /* UserLocation.swift in Sources */ = {isa = PBXBuildFile; fileRef = 55D25D0124C22152009E0AEB /* UserLocation.swift */; };
		55D25D0524C23312009E0AEB /* CurrentWeatherView.swift in Sources */ = {isa = PBXBuildFile; fileRef = 55D25D0424C23312009E0AEB /* CurrentWeatherView.swift */; };
		55D25D0724C23F96009E0AEB /* WeatherInfoView.swift in Sources */ = {isa = PBXBuildFile; fileRef = 55D25D0624C23F96009E0AEB /* WeatherInfoView.swift */; };
		55D25D0B24C2465B009E0AEB /* Date.swift in Sources */ = {isa = PBXBuildFile; fileRef = 55D25D0A24C2465B009E0AEB /* Date.swift */; };
		55D25D0D24C25B2D009E0AEB /* WeatherForecastView.swift in Sources */ = {isa = PBXBuildFile; fileRef = 55D25D0C24C25B2D009E0AEB /* WeatherForecastView.swift */; };
		55D25D0F24C2696D009E0AEB /* ForecastCollectionViewCell.swift in Sources */ = {isa = PBXBuildFile; fileRef = 55D25D0E24C2696D009E0AEB /* ForecastCollectionViewCell.swift */; };
		55D25D1224C27086009E0AEB /* ForecastInfoView.swift in Sources */ = {isa = PBXBuildFile; fileRef = 55D25D1124C27086009E0AEB /* ForecastInfoView.swift */; };
		FF3FA1E9D15E0705738500C0 /* Pods_weatherTests.framework in Frameworks */ = {isa = PBXBuildFile; fileRef = 9DC22009CEB9CAB91F9EA3F5 /* Pods_weatherTests.framework */; };
/* End PBXBuildFile section */

/* Begin PBXContainerItemProxy section */
		55C6298224B92F1B008A3FD9 /* PBXContainerItemProxy */ = {
			isa = PBXContainerItemProxy;
			containerPortal = 55C6296324B92F17008A3FD9 /* Project object */;
			proxyType = 1;
			remoteGlobalIDString = 55C6296A24B92F17008A3FD9;
			remoteInfo = weather;
		};
/* End PBXContainerItemProxy section */

/* Begin PBXFileReference section */
		0AFD984A9655817F470E701A /* Pods_weather.framework */ = {isa = PBXFileReference; explicitFileType = wrapper.framework; includeInIndex = 0; path = Pods_weather.framework; sourceTree = BUILT_PRODUCTS_DIR; };
		0CB552AFCB266231462B5489 /* Pods-weatherTests.release.xcconfig */ = {isa = PBXFileReference; includeInIndex = 1; lastKnownFileType = text.xcconfig; name = "Pods-weatherTests.release.xcconfig"; path = "Target Support Files/Pods-weatherTests/Pods-weatherTests.release.xcconfig"; sourceTree = "<group>"; };
		498605DFA5F7851CA8A032F6 /* Pods-weather.release.xcconfig */ = {isa = PBXFileReference; includeInIndex = 1; lastKnownFileType = text.xcconfig; name = "Pods-weather.release.xcconfig"; path = "Target Support Files/Pods-weather/Pods-weather.release.xcconfig"; sourceTree = "<group>"; };
		5503E46624C4D3B3001E9401 /* ViewControllerProtocol.swift */ = {isa = PBXFileReference; lastKnownFileType = sourcecode.swift; path = ViewControllerProtocol.swift; sourceTree = "<group>"; };
		5503E46924C4D46D001E9401 /* WeatherViewController.swift */ = {isa = PBXFileReference; lastKnownFileType = sourcecode.swift; path = WeatherViewController.swift; sourceTree = "<group>"; };
		5503E46B24C4D995001E9401 /* CoordinatorProtocol.swift */ = {isa = PBXFileReference; lastKnownFileType = sourcecode.swift; path = CoordinatorProtocol.swift; sourceTree = "<group>"; };
		5503E46E24C4D9BA001E9401 /* MainCoordinator.swift */ = {isa = PBXFileReference; lastKnownFileType = sourcecode.swift; path = MainCoordinator.swift; sourceTree = "<group>"; };
		5549CBC024C13C0D000E37C4 /* LocationView.swift */ = {isa = PBXFileReference; lastKnownFileType = sourcecode.swift; path = LocationView.swift; sourceTree = "<group>"; };
		5549CBC224C13C1B000E37C4 /* LocationViewController.swift */ = {isa = PBXFileReference; lastKnownFileType = sourcecode.swift; path = LocationViewController.swift; sourceTree = "<group>"; };
		555C808624BFCCED00C42262 /* PexelsAPI.swift */ = {isa = PBXFileReference; lastKnownFileType = sourcecode.swift; path = PexelsAPI.swift; sourceTree = "<group>"; };
		555C808B24BFCE3900C42262 /* PexelsService.swift */ = {isa = PBXFileReference; lastKnownFileType = sourcecode.swift; path = PexelsService.swift; sourceTree = "<group>"; };
		555C808D24BFCE4600C42262 /* PexelsPhoto.swift */ = {isa = PBXFileReference; lastKnownFileType = sourcecode.swift; path = PexelsPhoto.swift; sourceTree = "<group>"; };
		555C808F24BFCE9100C42262 /* PexelsPhotoSource.swift */ = {isa = PBXFileReference; lastKnownFileType = sourcecode.swift; path = PexelsPhotoSource.swift; sourceTree = "<group>"; };
		555C809124BFD00F00C42262 /* PexelsAPIRequest.swift */ = {isa = PBXFileReference; lastKnownFileType = sourcecode.swift; path = PexelsAPIRequest.swift; sourceTree = "<group>"; };
		555C809324BFDB8200C42262 /* PexelsAPIResponse.swift */ = {isa = PBXFileReference; lastKnownFileType = sourcecode.swift; path = PexelsAPIResponse.swift; sourceTree = "<group>"; };
		555C809724C0021700C42262 /* MainViewController.swift */ = {isa = PBXFileReference; lastKnownFileType = sourcecode.swift; path = MainViewController.swift; sourceTree = "<group>"; };
		555C809924C0022300C42262 /* MainView.swift */ = {isa = PBXFileReference; lastKnownFileType = sourcecode.swift; path = MainView.swift; sourceTree = "<group>"; };
		55BB39E124C3767200CE4F76 /* UIView.swift */ = {isa = PBXFileReference; lastKnownFileType = sourcecode.swift; path = UIView.swift; sourceTree = "<group>"; };
		55BB39E324C386AA00CE4F76 /* LocationModule.swift */ = {isa = PBXFileReference; fileEncoding = 4; lastKnownFileType = sourcecode.swift; path = LocationModule.swift; sourceTree = "<group>"; };
		55C6296B24B92F17008A3FD9 /* weather.app */ = {isa = PBXFileReference; explicitFileType = wrapper.application; includeInIndex = 0; path = weather.app; sourceTree = BUILT_PRODUCTS_DIR; };
		55C6296E24B92F17008A3FD9 /* AppDelegate.swift */ = {isa = PBXFileReference; lastKnownFileType = sourcecode.swift; path = AppDelegate.swift; sourceTree = "<group>"; };
		55C6297024B92F17008A3FD9 /* SceneDelegate.swift */ = {isa = PBXFileReference; lastKnownFileType = sourcecode.swift; path = SceneDelegate.swift; sourceTree = "<group>"; };
		55C6297524B92F17008A3FD9 /* Base */ = {isa = PBXFileReference; lastKnownFileType = file.storyboard; name = Base; path = Base.lproj/Main.storyboard; sourceTree = "<group>"; };
		55C6297724B92F1B008A3FD9 /* Assets.xcassets */ = {isa = PBXFileReference; lastKnownFileType = folder.assetcatalog; path = Assets.xcassets; sourceTree = "<group>"; };
		55C6297A24B92F1B008A3FD9 /* Base */ = {isa = PBXFileReference; lastKnownFileType = file.storyboard; name = Base; path = Base.lproj/LaunchScreen.storyboard; sourceTree = "<group>"; };
		55C6297C24B92F1B008A3FD9 /* Info.plist */ = {isa = PBXFileReference; lastKnownFileType = text.plist.xml; path = Info.plist; sourceTree = "<group>"; };
		55C6298124B92F1B008A3FD9 /* weatherTests.xctest */ = {isa = PBXFileReference; explicitFileType = wrapper.cfbundle; includeInIndex = 0; path = weatherTests.xctest; sourceTree = BUILT_PRODUCTS_DIR; };
		55C6298524B92F1B008A3FD9 /* weatherTests.swift */ = {isa = PBXFileReference; lastKnownFileType = sourcecode.swift; path = weatherTests.swift; sourceTree = "<group>"; };
		55C6298724B92F1B008A3FD9 /* Info.plist */ = {isa = PBXFileReference; lastKnownFileType = text.plist.xml; path = Info.plist; sourceTree = "<group>"; };
		55C6299724B939F3008A3FD9 /* OWeatherDescription.swift */ = {isa = PBXFileReference; lastKnownFileType = sourcecode.swift; path = OWeatherDescription.swift; sourceTree = "<group>"; };
		55C6299924B93AD1008A3FD9 /* OWeather.swift */ = {isa = PBXFileReference; lastKnownFileType = sourcecode.swift; path = OWeather.swift; sourceTree = "<group>"; };
		55C629A124B93C2E008A3FD9 /* OWeatherAPIResponse.swift */ = {isa = PBXFileReference; lastKnownFileType = sourcecode.swift; path = OWeatherAPIResponse.swift; sourceTree = "<group>"; };
		55C629A624B9449F008A3FD9 /* OWeatherTemperature.swift */ = {isa = PBXFileReference; lastKnownFileType = sourcecode.swift; path = OWeatherTemperature.swift; sourceTree = "<group>"; };
		55C629AA24B94530008A3FD9 /* OWeatherAPI.swift */ = {isa = PBXFileReference; lastKnownFileType = sourcecode.swift; path = OWeatherAPI.swift; sourceTree = "<group>"; };
		55C629AC24B945D1008A3FD9 /* OWeatherAPIRequest.swift */ = {isa = PBXFileReference; lastKnownFileType = sourcecode.swift; path = OWeatherAPIRequest.swift; sourceTree = "<group>"; };
		55C629AF24B9478F008A3FD9 /* BaseService.swift */ = {isa = PBXFileReference; fileEncoding = 4; lastKnownFileType = sourcecode.swift; path = BaseService.swift; sourceTree = "<group>"; };
		55C629B024B9478F008A3FD9 /* BaseServiceProtocol.swift */ = {isa = PBXFileReference; fileEncoding = 4; lastKnownFileType = sourcecode.swift; path = BaseServiceProtocol.swift; sourceTree = "<group>"; };
		55C629B324B947C3008A3FD9 /* WeatherError.swift */ = {isa = PBXFileReference; lastKnownFileType = sourcecode.swift; path = WeatherError.swift; sourceTree = "<group>"; };
		55C629B624B947FB008A3FD9 /* WeatherService.swift */ = {isa = PBXFileReference; lastKnownFileType = sourcecode.swift; path = WeatherService.swift; sourceTree = "<group>"; };
		55C629BA24B9490C008A3FD9 /* Encodable.swift */ = {isa = PBXFileReference; lastKnownFileType = sourcecode.swift; path = Encodable.swift; sourceTree = "<group>"; };
		55D25D0124C22152009E0AEB /* UserLocation.swift */ = {isa = PBXFileReference; lastKnownFileType = sourcecode.swift; path = UserLocation.swift; sourceTree = "<group>"; };
		55D25D0424C23312009E0AEB /* CurrentWeatherView.swift */ = {isa = PBXFileReference; lastKnownFileType = sourcecode.swift; path = CurrentWeatherView.swift; sourceTree = "<group>"; };
		55D25D0624C23F96009E0AEB /* WeatherInfoView.swift */ = {isa = PBXFileReference; lastKnownFileType = sourcecode.swift; path = WeatherInfoView.swift; sourceTree = "<group>"; };
		55D25D0A24C2465B009E0AEB /* Date.swift */ = {isa = PBXFileReference; lastKnownFileType = sourcecode.swift; path = Date.swift; sourceTree = "<group>"; };
		55D25D0C24C25B2D009E0AEB /* WeatherForecastView.swift */ = {isa = PBXFileReference; lastKnownFileType = sourcecode.swift; path = WeatherForecastView.swift; sourceTree = "<group>"; };
		55D25D0E24C2696D009E0AEB /* ForecastCollectionViewCell.swift */ = {isa = PBXFileReference; lastKnownFileType = sourcecode.swift; path = ForecastCollectionViewCell.swift; sourceTree = "<group>"; };
		55D25D1124C27086009E0AEB /* ForecastInfoView.swift */ = {isa = PBXFileReference; lastKnownFileType = sourcecode.swift; path = ForecastInfoView.swift; sourceTree = "<group>"; };
		676B9EF484288B416EB20081 /* Pods-weather.debug.xcconfig */ = {isa = PBXFileReference; includeInIndex = 1; lastKnownFileType = text.xcconfig; name = "Pods-weather.debug.xcconfig"; path = "Target Support Files/Pods-weather/Pods-weather.debug.xcconfig"; sourceTree = "<group>"; };
		9DC22009CEB9CAB91F9EA3F5 /* Pods_weatherTests.framework */ = {isa = PBXFileReference; explicitFileType = wrapper.framework; includeInIndex = 0; path = Pods_weatherTests.framework; sourceTree = BUILT_PRODUCTS_DIR; };
		F8DAE357C823B1F625593559 /* Pods-weatherTests.debug.xcconfig */ = {isa = PBXFileReference; includeInIndex = 1; lastKnownFileType = text.xcconfig; name = "Pods-weatherTests.debug.xcconfig"; path = "Target Support Files/Pods-weatherTests/Pods-weatherTests.debug.xcconfig"; sourceTree = "<group>"; };
/* End PBXFileReference section */

/* Begin PBXFrameworksBuildPhase section */
		55C6296824B92F17008A3FD9 /* Frameworks */ = {
			isa = PBXFrameworksBuildPhase;
			buildActionMask = 2147483647;
			files = (
				480AB925AAAC0E1AB7A4966B /* Pods_weather.framework in Frameworks */,
			);
			runOnlyForDeploymentPostprocessing = 0;
		};
		55C6297E24B92F1B008A3FD9 /* Frameworks */ = {
			isa = PBXFrameworksBuildPhase;
			buildActionMask = 2147483647;
			files = (
				FF3FA1E9D15E0705738500C0 /* Pods_weatherTests.framework in Frameworks */,
			);
			runOnlyForDeploymentPostprocessing = 0;
		};
/* End PBXFrameworksBuildPhase section */

/* Begin PBXGroup section */
		2FE5A02937D12C22727CDED7 /* Pods */ = {
			isa = PBXGroup;
			children = (
				676B9EF484288B416EB20081 /* Pods-weather.debug.xcconfig */,
				498605DFA5F7851CA8A032F6 /* Pods-weather.release.xcconfig */,
				F8DAE357C823B1F625593559 /* Pods-weatherTests.debug.xcconfig */,
				0CB552AFCB266231462B5489 /* Pods-weatherTests.release.xcconfig */,
			);
			path = Pods;
			sourceTree = "<group>";
		};
		5503E46524C4D38C001E9401 /* Protocols */ = {
			isa = PBXGroup;
			children = (
				5503E46624C4D3B3001E9401 /* ViewControllerProtocol.swift */,
				5503E46B24C4D995001E9401 /* CoordinatorProtocol.swift */,
			);
			path = Protocols;
			sourceTree = "<group>";
		};
		5503E46824C4D458001E9401 /* ViewControllers */ = {
			isa = PBXGroup;
			children = (
				5503E46924C4D46D001E9401 /* WeatherViewController.swift */,
			);
			path = ViewControllers;
			sourceTree = "<group>";
		};
		5503E46D24C4D9AB001E9401 /* Coordinators */ = {
			isa = PBXGroup;
			children = (
				5503E46E24C4D9BA001E9401 /* MainCoordinator.swift */,
			);
			path = Coordinators;
			sourceTree = "<group>";
		};
		5549CBBF24C13BFC000E37C4 /* Location */ = {
			isa = PBXGroup;
			children = (
				5549CBC224C13C1B000E37C4 /* LocationViewController.swift */,
				5549CBC024C13C0D000E37C4 /* LocationView.swift */,
			);
			path = Location;
			sourceTree = "<group>";
		};
		555C808824BFCE0A00C42262 /* PexelsService */ = {
			isa = PBXGroup;
			children = (
				555C808B24BFCE3900C42262 /* PexelsService.swift */,
			);
			path = PexelsService;
			sourceTree = "<group>";
		};
		555C808924BFCE1400C42262 /* OWeather */ = {
			isa = PBXGroup;
			children = (
				55C6299724B939F3008A3FD9 /* OWeatherDescription.swift */,
				55C6299924B93AD1008A3FD9 /* OWeather.swift */,
				55C629A624B9449F008A3FD9 /* OWeatherTemperature.swift */,
				55C629AC24B945D1008A3FD9 /* OWeatherAPIRequest.swift */,
				55C629A124B93C2E008A3FD9 /* OWeatherAPIResponse.swift */,
			);
			path = OWeather;
			sourceTree = "<group>";
		};
		555C808A24BFCE1F00C42262 /* Pexels */ = {
			isa = PBXGroup;
			children = (
				555C808D24BFCE4600C42262 /* PexelsPhoto.swift */,
				555C808F24BFCE9100C42262 /* PexelsPhotoSource.swift */,
				555C809124BFD00F00C42262 /* PexelsAPIRequest.swift */,
				555C809324BFDB8200C42262 /* PexelsAPIResponse.swift */,
			);
			path = Pexels;
			sourceTree = "<group>";
		};
		555C809524C001FC00C42262 /* Main */ = {
			isa = PBXGroup;
			children = (
				55D25D0324C232FA009E0AEB /* Subviews */,
				555C809724C0021700C42262 /* MainViewController.swift */,
				555C809924C0022300C42262 /* MainView.swift */,
			);
			path = Main;
			sourceTree = "<group>";
		};
		55C6296224B92F17008A3FD9 = {
			isa = PBXGroup;
			children = (
				55C6296D24B92F17008A3FD9 /* weather */,
				55C6298424B92F1B008A3FD9 /* weatherTests */,
				55C6296C24B92F17008A3FD9 /* Products */,
				2FE5A02937D12C22727CDED7 /* Pods */,
				F570BDF665063C25B2827E35 /* Frameworks */,
			);
			sourceTree = "<group>";
		};
		55C6296C24B92F17008A3FD9 /* Products */ = {
			isa = PBXGroup;
			children = (
				55C6296B24B92F17008A3FD9 /* weather.app */,
				55C6298124B92F1B008A3FD9 /* weatherTests.xctest */,
			);
			name = Products;
			sourceTree = "<group>";
		};
		55C6296D24B92F17008A3FD9 /* weather */ = {
			isa = PBXGroup;
			children = (
				55C6296E24B92F17008A3FD9 /* AppDelegate.swift */,
				55C6297024B92F17008A3FD9 /* SceneDelegate.swift */,
				55C6299624B938AE008A3FD9 /* Views */,
				55C6299324B93892008A3FD9 /* Resources */,
				55C6299224B9388E008A3FD9 /* Services */,
				55C6299124B93888008A3FD9 /* Models */,
				55C629B824B948F0008A3FD9 /* Utils */,
				55C6299024B93883008A3FD9 /* SupportingFiles */,
			);
			path = weather;
			sourceTree = "<group>";
		};
		55C6298424B92F1B008A3FD9 /* weatherTests */ = {
			isa = PBXGroup;
			children = (
				55C6298524B92F1B008A3FD9 /* weatherTests.swift */,
				55C6298724B92F1B008A3FD9 /* Info.plist */,
			);
			path = weatherTests;
			sourceTree = "<group>";
		};
		55C6299024B93883008A3FD9 /* SupportingFiles */ = {
			isa = PBXGroup;
			children = (
				55C6297C24B92F1B008A3FD9 /* Info.plist */,
			);
			path = SupportingFiles;
			sourceTree = "<group>";
		};
		55C6299124B93888008A3FD9 /* Models */ = {
			isa = PBXGroup;
			children = (
				55D25D0024C22147009E0AEB /* UserLocation */,
				555C808A24BFCE1F00C42262 /* Pexels */,
				555C808924BFCE1400C42262 /* OWeather */,
			);
			path = Models;
			sourceTree = "<group>";
		};
		55C6299224B9388E008A3FD9 /* Services */ = {
			isa = PBXGroup;
			children = (
				555C808824BFCE0A00C42262 /* PexelsService */,
				55C629B524B947F0008A3FD9 /* WeatherService */,
				55C629AE24B94775008A3FD9 /* Base */,
				55C629AA24B94530008A3FD9 /* OWeatherAPI.swift */,
				555C808624BFCCED00C42262 /* PexelsAPI.swift */,
			);
			path = Services;
			sourceTree = "<group>";
		};
		55C6299324B93892008A3FD9 /* Resources */ = {
			isa = PBXGroup;
			children = (
				55C6299524B938A3008A3FD9 /* Assets */,
				55C6299424B9389E008A3FD9 /* Storyboards */,
			);
			path = Resources;
			sourceTree = "<group>";
		};
		55C6299424B9389E008A3FD9 /* Storyboards */ = {
			isa = PBXGroup;
			children = (
				55C6297424B92F17008A3FD9 /* Main.storyboard */,
				55C6297924B92F1B008A3FD9 /* LaunchScreen.storyboard */,
			);
			path = Storyboards;
			sourceTree = "<group>";
		};
		55C6299524B938A3008A3FD9 /* Assets */ = {
			isa = PBXGroup;
			children = (
				55C6297724B92F1B008A3FD9 /* Assets.xcassets */,
			);
			path = Assets;
			sourceTree = "<group>";
		};
		55C6299624B938AE008A3FD9 /* Views */ = {
			isa = PBXGroup;
			children = (
				5549CBBF24C13BFC000E37C4 /* Location */,
				555C809524C001FC00C42262 /* Main */,
			);
			path = Views;
			sourceTree = "<group>";
		};
		55C629AE24B94775008A3FD9 /* Base */ = {
			isa = PBXGroup;
			children = (
				55C629AF24B9478F008A3FD9 /* BaseService.swift */,
				55C629B024B9478F008A3FD9 /* BaseServiceProtocol.swift */,
				55C629B324B947C3008A3FD9 /* WeatherError.swift */,
			);
			path = Base;
			sourceTree = "<group>";
		};
		55C629B524B947F0008A3FD9 /* WeatherService */ = {
			isa = PBXGroup;
			children = (
				55C629B624B947FB008A3FD9 /* WeatherService.swift */,
			);
			path = WeatherService;
			sourceTree = "<group>";
		};
		55C629B824B948F0008A3FD9 /* Utils */ = {
			isa = PBXGroup;
			children = (
				5503E46D24C4D9AB001E9401 /* Coordinators */,
				5503E46824C4D458001E9401 /* ViewControllers */,
				5503E46524C4D38C001E9401 /* Protocols */,
				55D25CFD24C21C8C009E0AEB /* LocationModule */,
				55C629B924B948FD008A3FD9 /* Extensions */,
			);
			path = Utils;
			sourceTree = "<group>";
		};
		55C629B924B948FD008A3FD9 /* Extensions */ = {
			isa = PBXGroup;
			children = (
				55C629BA24B9490C008A3FD9 /* Encodable.swift */,
				55D25D0A24C2465B009E0AEB /* Date.swift */,
				55BB39E124C3767200CE4F76 /* UIView.swift */,
			);
			path = Extensions;
			sourceTree = "<group>";
		};
		55D25CFD24C21C8C009E0AEB /* LocationModule */ = {
			isa = PBXGroup;
			children = (
				55BB39E324C386AA00CE4F76 /* LocationModule.swift */,
			);
			path = LocationModule;
			sourceTree = "<group>";
		};
		55D25D0024C22147009E0AEB /* UserLocation */ = {
			isa = PBXGroup;
			children = (
				55D25D0124C22152009E0AEB /* UserLocation.swift */,
			);
			path = UserLocation;
			sourceTree = "<group>";
		};
		55D25D0324C232FA009E0AEB /* Subviews */ = {
			isa = PBXGroup;
			children = (
				55D25D0424C23312009E0AEB /* CurrentWeatherView.swift */,
				55D25D0624C23F96009E0AEB /* WeatherInfoView.swift */,
				55D25D0C24C25B2D009E0AEB /* WeatherForecastView.swift */,
				55D25D0E24C2696D009E0AEB /* ForecastCollectionViewCell.swift */,
				55D25D1124C27086009E0AEB /* ForecastInfoView.swift */,
			);
			path = Subviews;
			sourceTree = "<group>";
		};
		F570BDF665063C25B2827E35 /* Frameworks */ = {
			isa = PBXGroup;
			children = (
				0AFD984A9655817F470E701A /* Pods_weather.framework */,
				9DC22009CEB9CAB91F9EA3F5 /* Pods_weatherTests.framework */,
			);
			name = Frameworks;
			sourceTree = "<group>";
		};
/* End PBXGroup section */

/* Begin PBXNativeTarget section */
		55C6296A24B92F17008A3FD9 /* weather */ = {
			isa = PBXNativeTarget;
			buildConfigurationList = 55C6298A24B92F1B008A3FD9 /* Build configuration list for PBXNativeTarget "weather" */;
			buildPhases = (
				72169BC402CFB72464C9E074 /* [CP] Check Pods Manifest.lock */,
				55C6296724B92F17008A3FD9 /* Sources */,
				55C6296824B92F17008A3FD9 /* Frameworks */,
				55C6296924B92F17008A3FD9 /* Resources */,
				2E0386C82EF9E4D3A0FF932B /* [CP] Embed Pods Frameworks */,
			);
			buildRules = (
			);
			dependencies = (
			);
			name = weather;
			productName = weather;
			productReference = 55C6296B24B92F17008A3FD9 /* weather.app */;
			productType = "com.apple.product-type.application";
		};
		55C6298024B92F1B008A3FD9 /* weatherTests */ = {
			isa = PBXNativeTarget;
			buildConfigurationList = 55C6298D24B92F1B008A3FD9 /* Build configuration list for PBXNativeTarget "weatherTests" */;
			buildPhases = (
				53F9EFBC67E4A430D06E2734 /* [CP] Check Pods Manifest.lock */,
				55C6297D24B92F1B008A3FD9 /* Sources */,
				55C6297E24B92F1B008A3FD9 /* Frameworks */,
				55C6297F24B92F1B008A3FD9 /* Resources */,
			);
			buildRules = (
			);
			dependencies = (
				55C6298324B92F1B008A3FD9 /* PBXTargetDependency */,
			);
			name = weatherTests;
			productName = weatherTests;
			productReference = 55C6298124B92F1B008A3FD9 /* weatherTests.xctest */;
			productType = "com.apple.product-type.bundle.unit-test";
		};
/* End PBXNativeTarget section */

/* Begin PBXProject section */
		55C6296324B92F17008A3FD9 /* Project object */ = {
			isa = PBXProject;
			attributes = {
				LastSwiftUpdateCheck = 1150;
				LastUpgradeCheck = 1150;
				ORGANIZATIONNAME = luizfelipeairesoares;
				TargetAttributes = {
					55C6296A24B92F17008A3FD9 = {
						CreatedOnToolsVersion = 11.5;
					};
					55C6298024B92F1B008A3FD9 = {
						CreatedOnToolsVersion = 11.5;
						TestTargetID = 55C6296A24B92F17008A3FD9;
					};
				};
			};
			buildConfigurationList = 55C6296624B92F17008A3FD9 /* Build configuration list for PBXProject "weather" */;
			compatibilityVersion = "Xcode 9.3";
			developmentRegion = en;
			hasScannedForEncodings = 0;
			knownRegions = (
				en,
				Base,
			);
			mainGroup = 55C6296224B92F17008A3FD9;
			productRefGroup = 55C6296C24B92F17008A3FD9 /* Products */;
			projectDirPath = "";
			projectRoot = "";
			targets = (
				55C6296A24B92F17008A3FD9 /* weather */,
				55C6298024B92F1B008A3FD9 /* weatherTests */,
			);
		};
/* End PBXProject section */

/* Begin PBXResourcesBuildPhase section */
		55C6296924B92F17008A3FD9 /* Resources */ = {
			isa = PBXResourcesBuildPhase;
			buildActionMask = 2147483647;
			files = (
				55C6297B24B92F1B008A3FD9 /* LaunchScreen.storyboard in Resources */,
				55C6297824B92F1B008A3FD9 /* Assets.xcassets in Resources */,
				55C6297624B92F17008A3FD9 /* Main.storyboard in Resources */,
			);
			runOnlyForDeploymentPostprocessing = 0;
		};
		55C6297F24B92F1B008A3FD9 /* Resources */ = {
			isa = PBXResourcesBuildPhase;
			buildActionMask = 2147483647;
			files = (
			);
			runOnlyForDeploymentPostprocessing = 0;
		};
/* End PBXResourcesBuildPhase section */

/* Begin PBXShellScriptBuildPhase section */
		2E0386C82EF9E4D3A0FF932B /* [CP] Embed Pods Frameworks */ = {
			isa = PBXShellScriptBuildPhase;
			buildActionMask = 2147483647;
			files = (
			);
			inputFileListPaths = (
				"${PODS_ROOT}/Target Support Files/Pods-weather/Pods-weather-frameworks-${CONFIGURATION}-input-files.xcfilelist",
			);
			name = "[CP] Embed Pods Frameworks";
			outputFileListPaths = (
				"${PODS_ROOT}/Target Support Files/Pods-weather/Pods-weather-frameworks-${CONFIGURATION}-output-files.xcfilelist",
			);
			runOnlyForDeploymentPostprocessing = 0;
			shellPath = /bin/sh;
			shellScript = "\"${PODS_ROOT}/Target Support Files/Pods-weather/Pods-weather-frameworks.sh\"\n";
			showEnvVarsInLog = 0;
		};
		53F9EFBC67E4A430D06E2734 /* [CP] Check Pods Manifest.lock */ = {
			isa = PBXShellScriptBuildPhase;
			buildActionMask = 2147483647;
			files = (
			);
			inputFileListPaths = (
			);
			inputPaths = (
				"${PODS_PODFILE_DIR_PATH}/Podfile.lock",
				"${PODS_ROOT}/Manifest.lock",
			);
			name = "[CP] Check Pods Manifest.lock";
			outputFileListPaths = (
			);
			outputPaths = (
				"$(DERIVED_FILE_DIR)/Pods-weatherTests-checkManifestLockResult.txt",
			);
			runOnlyForDeploymentPostprocessing = 0;
			shellPath = /bin/sh;
			shellScript = "diff \"${PODS_PODFILE_DIR_PATH}/Podfile.lock\" \"${PODS_ROOT}/Manifest.lock\" > /dev/null\nif [ $? != 0 ] ; then\n    # print error to STDERR\n    echo \"error: The sandbox is not in sync with the Podfile.lock. Run 'pod install' or update your CocoaPods installation.\" >&2\n    exit 1\nfi\n# This output is used by Xcode 'outputs' to avoid re-running this script phase.\necho \"SUCCESS\" > \"${SCRIPT_OUTPUT_FILE_0}\"\n";
			showEnvVarsInLog = 0;
		};
		72169BC402CFB72464C9E074 /* [CP] Check Pods Manifest.lock */ = {
			isa = PBXShellScriptBuildPhase;
			buildActionMask = 2147483647;
			files = (
			);
			inputFileListPaths = (
			);
			inputPaths = (
				"${PODS_PODFILE_DIR_PATH}/Podfile.lock",
				"${PODS_ROOT}/Manifest.lock",
			);
			name = "[CP] Check Pods Manifest.lock";
			outputFileListPaths = (
			);
			outputPaths = (
				"$(DERIVED_FILE_DIR)/Pods-weather-checkManifestLockResult.txt",
			);
			runOnlyForDeploymentPostprocessing = 0;
			shellPath = /bin/sh;
			shellScript = "diff \"${PODS_PODFILE_DIR_PATH}/Podfile.lock\" \"${PODS_ROOT}/Manifest.lock\" > /dev/null\nif [ $? != 0 ] ; then\n    # print error to STDERR\n    echo \"error: The sandbox is not in sync with the Podfile.lock. Run 'pod install' or update your CocoaPods installation.\" >&2\n    exit 1\nfi\n# This output is used by Xcode 'outputs' to avoid re-running this script phase.\necho \"SUCCESS\" > \"${SCRIPT_OUTPUT_FILE_0}\"\n";
			showEnvVarsInLog = 0;
		};
/* End PBXShellScriptBuildPhase section */

/* Begin PBXSourcesBuildPhase section */
		55C6296724B92F17008A3FD9 /* Sources */ = {
			isa = PBXSourcesBuildPhase;
			buildActionMask = 2147483647;
			files = (
				55BB39E224C3767200CE4F76 /* UIView.swift in Sources */,
				5503E46A24C4D46D001E9401 /* WeatherViewController.swift in Sources */,
				55C6296F24B92F17008A3FD9 /* AppDelegate.swift in Sources */,
				555C809A24C0022300C42262 /* MainView.swift in Sources */,
				55C6299824B939F3008A3FD9 /* OWeatherDescription.swift in Sources */,
				55C629BB24B9490C008A3FD9 /* Encodable.swift in Sources */,
				555C809024BFCE9100C42262 /* PexelsPhotoSource.swift in Sources */,
				5503E46C24C4D995001E9401 /* CoordinatorProtocol.swift in Sources */,
				555C808C24BFCE3900C42262 /* PexelsService.swift in Sources */,
				555C809224BFD00F00C42262 /* PexelsAPIRequest.swift in Sources */,
				555C808724BFCCED00C42262 /* PexelsAPI.swift in Sources */,
				55D25D0F24C2696D009E0AEB /* ForecastCollectionViewCell.swift in Sources */,
				55C629B424B947C3008A3FD9 /* WeatherError.swift in Sources */,
				555C809424BFDB8200C42262 /* PexelsAPIResponse.swift in Sources */,
				55C629AB24B94530008A3FD9 /* OWeatherAPI.swift in Sources */,
				555C808E24BFCE4600C42262 /* PexelsPhoto.swift in Sources */,
				55BB39E424C386AA00CE4F76 /* LocationModule.swift in Sources */,
				5549CBC324C13C1B000E37C4 /* LocationViewController.swift in Sources */,
				55D25D0724C23F96009E0AEB /* WeatherInfoView.swift in Sources */,
				55D25D0224C22152009E0AEB /* UserLocation.swift in Sources */,
				55C629B724B947FB008A3FD9 /* WeatherService.swift in Sources */,
				55D25D1224C27086009E0AEB /* ForecastInfoView.swift in Sources */,
				55C629A224B93C2E008A3FD9 /* OWeatherAPIResponse.swift in Sources */,
				55C6297124B92F17008A3FD9 /* SceneDelegate.swift in Sources */,
				55D25D0D24C25B2D009E0AEB /* WeatherForecastView.swift in Sources */,
				5503E46F24C4D9BA001E9401 /* MainCoordinator.swift in Sources */,
				55C629AD24B945D1008A3FD9 /* OWeatherAPIRequest.swift in Sources */,
				5503E46724C4D3B3001E9401 /* ViewControllerProtocol.swift in Sources */,
				55C6299A24B93AD1008A3FD9 /* OWeather.swift in Sources */,
				5549CBC124C13C0D000E37C4 /* LocationView.swift in Sources */,
				55D25D0524C23312009E0AEB /* CurrentWeatherView.swift in Sources */,
				55D25D0B24C2465B009E0AEB /* Date.swift in Sources */,
				55C629A724B9449F008A3FD9 /* OWeatherTemperature.swift in Sources */,
				55C629B224B9478F008A3FD9 /* BaseServiceProtocol.swift in Sources */,
				55C629B124B9478F008A3FD9 /* BaseService.swift in Sources */,
				555C809824C0021700C42262 /* MainViewController.swift in Sources */,
			);
			runOnlyForDeploymentPostprocessing = 0;
		};
		55C6297D24B92F1B008A3FD9 /* Sources */ = {
			isa = PBXSourcesBuildPhase;
			buildActionMask = 2147483647;
			files = (
				55C6298624B92F1B008A3FD9 /* weatherTests.swift in Sources */,
			);
			runOnlyForDeploymentPostprocessing = 0;
		};
/* End PBXSourcesBuildPhase section */

/* Begin PBXTargetDependency section */
		55C6298324B92F1B008A3FD9 /* PBXTargetDependency */ = {
			isa = PBXTargetDependency;
			target = 55C6296A24B92F17008A3FD9 /* weather */;
			targetProxy = 55C6298224B92F1B008A3FD9 /* PBXContainerItemProxy */;
		};
/* End PBXTargetDependency section */

/* Begin PBXVariantGroup section */
		55C6297424B92F17008A3FD9 /* Main.storyboard */ = {
			isa = PBXVariantGroup;
			children = (
				55C6297524B92F17008A3FD9 /* Base */,
			);
			name = Main.storyboard;
			sourceTree = "<group>";
		};
		55C6297924B92F1B008A3FD9 /* LaunchScreen.storyboard */ = {
			isa = PBXVariantGroup;
			children = (
				55C6297A24B92F1B008A3FD9 /* Base */,
			);
			name = LaunchScreen.storyboard;
			sourceTree = "<group>";
		};
/* End PBXVariantGroup section */

/* Begin XCBuildConfiguration section */
		55C6298824B92F1B008A3FD9 /* Debug */ = {
			isa = XCBuildConfiguration;
			buildSettings = {
				ALWAYS_SEARCH_USER_PATHS = NO;
				CLANG_ANALYZER_NONNULL = YES;
				CLANG_ANALYZER_NUMBER_OBJECT_CONVERSION = YES_AGGRESSIVE;
				CLANG_CXX_LANGUAGE_STANDARD = "gnu++14";
				CLANG_CXX_LIBRARY = "libc++";
				CLANG_ENABLE_MODULES = YES;
				CLANG_ENABLE_OBJC_ARC = YES;
				CLANG_ENABLE_OBJC_WEAK = YES;
				CLANG_WARN_BLOCK_CAPTURE_AUTORELEASING = YES;
				CLANG_WARN_BOOL_CONVERSION = YES;
				CLANG_WARN_COMMA = YES;
				CLANG_WARN_CONSTANT_CONVERSION = YES;
				CLANG_WARN_DEPRECATED_OBJC_IMPLEMENTATIONS = YES;
				CLANG_WARN_DIRECT_OBJC_ISA_USAGE = YES_ERROR;
				CLANG_WARN_DOCUMENTATION_COMMENTS = YES;
				CLANG_WARN_EMPTY_BODY = YES;
				CLANG_WARN_ENUM_CONVERSION = YES;
				CLANG_WARN_INFINITE_RECURSION = YES;
				CLANG_WARN_INT_CONVERSION = YES;
				CLANG_WARN_NON_LITERAL_NULL_CONVERSION = YES;
				CLANG_WARN_OBJC_IMPLICIT_RETAIN_SELF = YES;
				CLANG_WARN_OBJC_LITERAL_CONVERSION = YES;
				CLANG_WARN_OBJC_ROOT_CLASS = YES_ERROR;
				CLANG_WARN_RANGE_LOOP_ANALYSIS = YES;
				CLANG_WARN_STRICT_PROTOTYPES = YES;
				CLANG_WARN_SUSPICIOUS_MOVE = YES;
				CLANG_WARN_UNGUARDED_AVAILABILITY = YES_AGGRESSIVE;
				CLANG_WARN_UNREACHABLE_CODE = YES;
				CLANG_WARN__DUPLICATE_METHOD_MATCH = YES;
				COPY_PHASE_STRIP = NO;
				DEBUG_INFORMATION_FORMAT = dwarf;
				ENABLE_STRICT_OBJC_MSGSEND = YES;
				ENABLE_TESTABILITY = YES;
				GCC_C_LANGUAGE_STANDARD = gnu11;
				GCC_DYNAMIC_NO_PIC = NO;
				GCC_NO_COMMON_BLOCKS = YES;
				GCC_OPTIMIZATION_LEVEL = 0;
				GCC_PREPROCESSOR_DEFINITIONS = (
					"DEBUG=1",
					"$(inherited)",
				);
				GCC_WARN_64_TO_32_BIT_CONVERSION = YES;
				GCC_WARN_ABOUT_RETURN_TYPE = YES_ERROR;
				GCC_WARN_UNDECLARED_SELECTOR = YES;
				GCC_WARN_UNINITIALIZED_AUTOS = YES_AGGRESSIVE;
				GCC_WARN_UNUSED_FUNCTION = YES;
				GCC_WARN_UNUSED_VARIABLE = YES;
				IPHONEOS_DEPLOYMENT_TARGET = 13.5;
				MTL_ENABLE_DEBUG_INFO = INCLUDE_SOURCE;
				MTL_FAST_MATH = YES;
				ONLY_ACTIVE_ARCH = YES;
				SDKROOT = iphoneos;
				SWIFT_ACTIVE_COMPILATION_CONDITIONS = DEBUG;
				SWIFT_OPTIMIZATION_LEVEL = "-Onone";
			};
			name = Debug;
		};
		55C6298924B92F1B008A3FD9 /* Release */ = {
			isa = XCBuildConfiguration;
			buildSettings = {
				ALWAYS_SEARCH_USER_PATHS = NO;
				CLANG_ANALYZER_NONNULL = YES;
				CLANG_ANALYZER_NUMBER_OBJECT_CONVERSION = YES_AGGRESSIVE;
				CLANG_CXX_LANGUAGE_STANDARD = "gnu++14";
				CLANG_CXX_LIBRARY = "libc++";
				CLANG_ENABLE_MODULES = YES;
				CLANG_ENABLE_OBJC_ARC = YES;
				CLANG_ENABLE_OBJC_WEAK = YES;
				CLANG_WARN_BLOCK_CAPTURE_AUTORELEASING = YES;
				CLANG_WARN_BOOL_CONVERSION = YES;
				CLANG_WARN_COMMA = YES;
				CLANG_WARN_CONSTANT_CONVERSION = YES;
				CLANG_WARN_DEPRECATED_OBJC_IMPLEMENTATIONS = YES;
				CLANG_WARN_DIRECT_OBJC_ISA_USAGE = YES_ERROR;
				CLANG_WARN_DOCUMENTATION_COMMENTS = YES;
				CLANG_WARN_EMPTY_BODY = YES;
				CLANG_WARN_ENUM_CONVERSION = YES;
				CLANG_WARN_INFINITE_RECURSION = YES;
				CLANG_WARN_INT_CONVERSION = YES;
				CLANG_WARN_NON_LITERAL_NULL_CONVERSION = YES;
				CLANG_WARN_OBJC_IMPLICIT_RETAIN_SELF = YES;
				CLANG_WARN_OBJC_LITERAL_CONVERSION = YES;
				CLANG_WARN_OBJC_ROOT_CLASS = YES_ERROR;
				CLANG_WARN_RANGE_LOOP_ANALYSIS = YES;
				CLANG_WARN_STRICT_PROTOTYPES = YES;
				CLANG_WARN_SUSPICIOUS_MOVE = YES;
				CLANG_WARN_UNGUARDED_AVAILABILITY = YES_AGGRESSIVE;
				CLANG_WARN_UNREACHABLE_CODE = YES;
				CLANG_WARN__DUPLICATE_METHOD_MATCH = YES;
				COPY_PHASE_STRIP = NO;
				DEBUG_INFORMATION_FORMAT = "dwarf-with-dsym";
				ENABLE_NS_ASSERTIONS = NO;
				ENABLE_STRICT_OBJC_MSGSEND = YES;
				GCC_C_LANGUAGE_STANDARD = gnu11;
				GCC_NO_COMMON_BLOCKS = YES;
				GCC_WARN_64_TO_32_BIT_CONVERSION = YES;
				GCC_WARN_ABOUT_RETURN_TYPE = YES_ERROR;
				GCC_WARN_UNDECLARED_SELECTOR = YES;
				GCC_WARN_UNINITIALIZED_AUTOS = YES_AGGRESSIVE;
				GCC_WARN_UNUSED_FUNCTION = YES;
				GCC_WARN_UNUSED_VARIABLE = YES;
				IPHONEOS_DEPLOYMENT_TARGET = 13.5;
				MTL_ENABLE_DEBUG_INFO = NO;
				MTL_FAST_MATH = YES;
				SDKROOT = iphoneos;
				SWIFT_COMPILATION_MODE = wholemodule;
				SWIFT_OPTIMIZATION_LEVEL = "-O";
				VALIDATE_PRODUCT = YES;
			};
			name = Release;
		};
		55C6298B24B92F1B008A3FD9 /* Debug */ = {
			isa = XCBuildConfiguration;
			baseConfigurationReference = 676B9EF484288B416EB20081 /* Pods-weather.debug.xcconfig */;
			buildSettings = {
				ASSETCATALOG_COMPILER_APPICON_NAME = AppIcon;
				CODE_SIGN_STYLE = Automatic;
				DEVELOPMENT_TEAM = K2Q453W5U7;
				INFOPLIST_FILE = weather/SupportingFiles/Info.plist;
				LD_RUNPATH_SEARCH_PATHS = (
					"$(inherited)",
					"@executable_path/Frameworks",
				);
				PRODUCT_BUNDLE_IDENTIFIER = com.luizfelipeairesoares.weather;
				PRODUCT_NAME = "$(TARGET_NAME)";
				SWIFT_VERSION = 5.0;
				TARGETED_DEVICE_FAMILY = 1;
			};
			name = Debug;
		};
		55C6298C24B92F1B008A3FD9 /* Release */ = {
			isa = XCBuildConfiguration;
			baseConfigurationReference = 498605DFA5F7851CA8A032F6 /* Pods-weather.release.xcconfig */;
			buildSettings = {
				ASSETCATALOG_COMPILER_APPICON_NAME = AppIcon;
				CODE_SIGN_STYLE = Automatic;
				DEVELOPMENT_TEAM = K2Q453W5U7;
				INFOPLIST_FILE = weather/SupportingFiles/Info.plist;
				LD_RUNPATH_SEARCH_PATHS = (
					"$(inherited)",
					"@executable_path/Frameworks",
				);
				PRODUCT_BUNDLE_IDENTIFIER = com.luizfelipeairesoares.weather;
				PRODUCT_NAME = "$(TARGET_NAME)";
				SWIFT_VERSION = 5.0;
				TARGETED_DEVICE_FAMILY = 1;
			};
			name = Release;
		};
		55C6298E24B92F1B008A3FD9 /* Debug */ = {
			isa = XCBuildConfiguration;
			baseConfigurationReference = F8DAE357C823B1F625593559 /* Pods-weatherTests.debug.xcconfig */;
			buildSettings = {
				ALWAYS_EMBED_SWIFT_STANDARD_LIBRARIES = YES;
				BUNDLE_LOADER = "$(TEST_HOST)";
				CODE_SIGN_STYLE = Automatic;
				DEVELOPMENT_TEAM = K2Q453W5U7;
				INFOPLIST_FILE = weatherTests/Info.plist;
				IPHONEOS_DEPLOYMENT_TARGET = 13.5;
				LD_RUNPATH_SEARCH_PATHS = (
					"$(inherited)",
					"@executable_path/Frameworks",
					"@loader_path/Frameworks",
				);
				PRODUCT_BUNDLE_IDENTIFIER = com.luizfelipeairesoares.weatherTests;
				PRODUCT_NAME = "$(TARGET_NAME)";
				SWIFT_VERSION = 5.0;
				TARGETED_DEVICE_FAMILY = "1,2";
				TEST_HOST = "$(BUILT_PRODUCTS_DIR)/weather.app/weather";
			};
			name = Debug;
		};
		55C6298F24B92F1B008A3FD9 /* Release */ = {
			isa = XCBuildConfiguration;
			baseConfigurationReference = 0CB552AFCB266231462B5489 /* Pods-weatherTests.release.xcconfig */;
			buildSettings = {
				ALWAYS_EMBED_SWIFT_STANDARD_LIBRARIES = YES;
				BUNDLE_LOADER = "$(TEST_HOST)";
				CODE_SIGN_STYLE = Automatic;
				DEVELOPMENT_TEAM = K2Q453W5U7;
				INFOPLIST_FILE = weatherTests/Info.plist;
				IPHONEOS_DEPLOYMENT_TARGET = 13.5;
				LD_RUNPATH_SEARCH_PATHS = (
					"$(inherited)",
					"@executable_path/Frameworks",
					"@loader_path/Frameworks",
				);
				PRODUCT_BUNDLE_IDENTIFIER = com.luizfelipeairesoares.weatherTests;
				PRODUCT_NAME = "$(TARGET_NAME)";
				SWIFT_VERSION = 5.0;
				TARGETED_DEVICE_FAMILY = "1,2";
				TEST_HOST = "$(BUILT_PRODUCTS_DIR)/weather.app/weather";
			};
			name = Release;
		};
/* End XCBuildConfiguration section */

/* Begin XCConfigurationList section */
		55C6296624B92F17008A3FD9 /* Build configuration list for PBXProject "weather" */ = {
			isa = XCConfigurationList;
			buildConfigurations = (
				55C6298824B92F1B008A3FD9 /* Debug */,
				55C6298924B92F1B008A3FD9 /* Release */,
			);
			defaultConfigurationIsVisible = 0;
			defaultConfigurationName = Release;
		};
		55C6298A24B92F1B008A3FD9 /* Build configuration list for PBXNativeTarget "weather" */ = {
			isa = XCConfigurationList;
			buildConfigurations = (
				55C6298B24B92F1B008A3FD9 /* Debug */,
				55C6298C24B92F1B008A3FD9 /* Release */,
			);
			defaultConfigurationIsVisible = 0;
			defaultConfigurationName = Release;
		};
		55C6298D24B92F1B008A3FD9 /* Build configuration list for PBXNativeTarget "weatherTests" */ = {
			isa = XCConfigurationList;
			buildConfigurations = (
				55C6298E24B92F1B008A3FD9 /* Debug */,
				55C6298F24B92F1B008A3FD9 /* Release */,
			);
			defaultConfigurationIsVisible = 0;
			defaultConfigurationName = Release;
		};
/* End XCConfigurationList section */
	};
	rootObject = 55C6296324B92F17008A3FD9 /* Project object */;
}
